{
  "name": "gh-package-example",
  "version": "1.0.0",
  "lockfileVersion": 1,
  "requires": true,
  "dependencies": {
    "@harrypunk/rxjs-fs": {
      "version": "1.0.5",
      "resolved": "https://npm.pkg.github.com/download/@harrypunk/rxjs-fs/1.0.5/7a9cbc2b9c8ba3e88a6f16eda8b88c4f213f625a17be545cfdf8d399046c6031",
      "integrity": "sha512-DWd3ANhsPD18FYQVnnMwiB4doaBj3jX7+yXXo5Bv3TDUyfbtQBW/DLQzFUa7A4FbYHoJS3QZ3R8GoEuAe8bCpQ=="
    }
  }
}
