# This file is generated by running "yarn install" inside your project.
# Manual changes might be lost - proceed with caution!

__metadata:
  version: 4

"@harrypunk/rxjs-fs@npm:^1.0.5":
  version: 1.0.5
  resolution: "@harrypunk/rxjs-fs@npm:1.0.5::__archiveUrl=https%3A%2F%2Fnpm.pkg.github.com%2Fdownload%2F%40harrypunk%2Frxjs-fs%2F1.0.5%2F7a9cbc2b9c8ba3e88a6f16eda8b88c4f213f625a17be545cfdf8d399046c6031"
  checksum: 2/e07f9588a97cb6cc3ca766a5386e7e478b31dbb7d642ab5e148e9d03c1c269eecd73f90bc483297258e1dfa32cf7baffe5774c86a406f5c7a54917ef42ab5b06
  languageName: node
  linkType: hard

"gh-package-example@workspace:.":
  version: 0.0.0-use.local
  resolution: "gh-package-example@workspace:."
  dependencies:
    "@harrypunk/rxjs-fs": ^1.0.5
  languageName: unknown
  linkType: soft
